
Microsoft Visual Studio Solution File, Format Version 12.00
# Visual Studio Version 16
VisualStudioVersion = 16.0.30104.148
MinimumVisualStudioVersion = 10.0.40219.1
Project("{FAE04EC0-301F-11D3-BF4B-00C04F79EFBC}") = "Task4_Googlee", "Task4_Googlee\Task4_Googlee.csproj", "{2A7F3CBD-C476-4439-88FC-AF7A75CC430A}"
EndProject
Global
	GlobalSection(SolutionConfigurationPlatforms) = preSolution
		Debug|Any CPU = Debug|Any CPU
		Release|Any CPU = Release|Any CPU
	EndGlobalSection
	GlobalSection(ProjectConfigurationPlatforms) = postSolution
		{2A7F3CBD-C476-4439-88FC-AF7A75CC430A}.Debug|Any CPU.ActiveCfg = Debug|Any CPU
		{2A7F3CBD-C476-4439-88FC-AF7A75CC430A}.Debug|Any CPU.Build.0 = Debug|Any CPU
		{2A7F3CBD-C476-4439-88FC-AF7A75CC430A}.Release|Any CPU.ActiveCfg = Release|Any CPU
		{2A7F3CBD-C476-4439-88FC-AF7A75CC430A}.Release|Any CPU.Build.0 = Release|Any CPU
	EndGlobalSection
	GlobalSection(SolutionProperties) = preSolution
		HideSolutionNode = FALSE
	EndGlobalSection
	GlobalSection(ExtensibilityGlobals) = postSolution
		SolutionGuid = {7EA0A463-3FE8-4C43-9953-9AE283FD8909}
	EndGlobalSection
EndGlobal
